// !$*UTF8*$!
{
	archiveVersion = 1;
	classes = {
	};
	objectVersion = 46;
	objects = {

/* Begin PBXBuildFile section */
		A7CB9DD01D3C6A53006C2603 /* AppDelegate.swift in Sources */ = {isa = PBXBuildFile; fileRef = A7CB9DCF1D3C6A53006C2603 /* AppDelegate.swift */; };
		A7CB9DD21D3C6A53006C2603 /* ViewController.swift in Sources */ = {isa = PBXBuildFile; fileRef = A7CB9DD11D3C6A53006C2603 /* ViewController.swift */; };
		A7CB9DD51D3C6A53006C2603 /* Main.storyboard in Resources */ = {isa = PBXBuildFile; fileRef = A7CB9DD31D3C6A53006C2603 /* Main.storyboard */; };
		A7CB9DD71D3C6A53006C2603 /* Assets.xcassets in Resources */ = {isa = PBXBuildFile; fileRef = A7CB9DD61D3C6A53006C2603 /* Assets.xcassets */; };
		A7CB9DDA1D3C6A53006C2603 /* LaunchScreen.storyboard in Resources */ = {isa = PBXBuildFile; fileRef = A7CB9DD81D3C6A53006C2603 /* LaunchScreen.storyboard */; };
		A7CB9DE51D3C6A53006C2603 /* TipCalculatorTests.swift in Sources */ = {isa = PBXBuildFile; fileRef = A7CB9DE41D3C6A53006C2603 /* TipCalculatorTests.swift */; };
		A7CB9DF01D3C6A53006C2603 /* TipCalculatorUITests.swift in Sources */ = {isa = PBXBuildFile; fileRef = A7CB9DEF1D3C6A53006C2603 /* TipCalculatorUITests.swift */; };
		A7CB9DFE1D3C6BFE006C2603 /* TipCalculatorModel.swift in Sources */ = {isa = PBXBuildFile; fileRef = A7CB9DFD1D3C6BFE006C2603 /* TipCalculatorModel.swift */; };
/* End PBXBuildFile section */

/* Begin PBXContainerItemProxy section */
		A7CB9DE11D3C6A53006C2603 /* PBXContainerItemProxy */ = {
			isa = PBXContainerItemProxy;
			containerPortal = A7CB9DC41D3C6A53006C2603 /* Project object */;
			proxyType = 1;
			remoteGlobalIDString = A7CB9DCB1D3C6A53006C2603;
			remoteInfo = TipCalculator;
		};
		A7CB9DEC1D3C6A53006C2603 /* PBXContainerItemProxy */ = {
			isa = PBXContainerItemProxy;
			containerPortal = A7CB9DC41D3C6A53006C2603 /* Project object */;
			proxyType = 1;
			remoteGlobalIDString = A7CB9DCB1D3C6A53006C2603;
			remoteInfo = TipCalculator;
		};
/* End PBXContainerItemProxy section */

/* Begin PBXFileReference section */
		A7CB9DCC1D3C6A53006C2603 /* TipCalculator.app */ = {isa = PBXFileReference; explicitFileType = wrapper.application; includeInIndex = 0; path = TipCalculator.app; sourceTree = BUILT_PRODUCTS_DIR; };
		A7CB9DCF1D3C6A53006C2603 /* AppDelegate.swift */ = {isa = PBXFileReference; lastKnownFileType = sourcecode.swift; path = AppDelegate.swift; sourceTree = "<group>"; };
		A7CB9DD11D3C6A53006C2603 /* ViewController.swift */ = {isa = PBXFileReference; lastKnownFileType = sourcecode.swift; path = ViewController.swift; sourceTree = "<group>"; };
		A7CB9DD41D3C6A53006C2603 /* Base */ = {isa = PBXFileReference; lastKnownFileType = file.storyboard; name = Base; path = Base.lproj/Main.storyboard; sourceTree = "<group>"; };
		A7CB9DD61D3C6A53006C2603 /* Assets.xcassets */ = {isa = PBXFileReference; lastKnownFileType = folder.assetcatalog; path = Assets.xcassets; sourceTree = "<group>"; };
		A7CB9DD91D3C6A53006C2603 /* Base */ = {isa = PBXFileReference; lastKnownFileType = file.storyboard; name = Base; path = Base.lproj/LaunchScreen.storyboard; sourceTree = "<group>"; };
		A7CB9DDB1D3C6A53006C2603 /* Info.plist */ = {isa = PBXFileReference; lastKnownFileType = text.plist.xml; path = Info.plist; sourceTree = "<group>"; };
		A7CB9DE01D3C6A53006C2603 /* TipCalculatorTests.xctest */ = {isa = PBXFileReference; explicitFileType = wrapper.cfbundle; includeInIndex = 0; path = TipCalculatorTests.xctest; sourceTree = BUILT_PRODUCTS_DIR; };
		A7CB9DE41D3C6A53006C2603 /* TipCalculatorTests.swift */ = {isa = PBXFileReference; lastKnownFileType = sourcecode.swift; path = TipCalculatorTests.swift; sourceTree = "<group>"; };
		A7CB9DE61D3C6A53006C2603 /* Info.plist */ = {isa = PBXFileReference; lastKnownFileType = text.plist.xml; path = Info.plist; sourceTree = "<group>"; };
		A7CB9DEB1D3C6A53006C2603 /* TipCalculatorUITests.xctest */ = {isa = PBXFileReference; explicitFileType = wrapper.cfbundle; includeInIndex = 0; path = TipCalculatorUITests.xctest; sourceTree = BUILT_PRODUCTS_DIR; };
		A7CB9DEF1D3C6A53006C2603 /* TipCalculatorUITests.swift */ = {isa = PBXFileReference; lastKnownFileType = sourcecode.swift; path = TipCalculatorUITests.swift; sourceTree = "<group>"; };
		A7CB9DF11D3C6A53006C2603 /* Info.plist */ = {isa = PBXFileReference; lastKnownFileType = text.plist.xml; path = Info.plist; sourceTree = "<group>"; };
		A7CB9DFD1D3C6BFE006C2603 /* TipCalculatorModel.swift */ = {isa = PBXFileReference; fileEncoding = 4; lastKnownFileType = sourcecode.swift; path = TipCalculatorModel.swift; sourceTree = "<group>"; };
/* End PBXFileReference section */

/* Begin PBXFrameworksBuildPhase section */
		A7CB9DC91D3C6A53006C2603 /* Frameworks */ = {
			isa = PBXFrameworksBuildPhase;
			buildActionMask = 2147483647;
			files = (
			);
			runOnlyForDeploymentPostprocessing = 0;
		};
		A7CB9DDD1D3C6A53006C2603 /* Frameworks */ = {
			isa = PBXFrameworksBuildPhase;
			buildActionMask = 2147483647;
			files = (
			);
			runOnlyForDeploymentPostprocessing = 0;
		};
		A7CB9DE81D3C6A53006C2603 /* Frameworks */ = {
			isa = PBXFrameworksBuildPhase;
			buildActionMask = 2147483647;
			files = (
			);
			runOnlyForDeploymentPostprocessing = 0;
		};
/* End PBXFrameworksBuildPhase section */

/* Begin PBXGroup section */
		A7CB9DC31D3C6A53006C2603 = {
			isa = PBXGroup;
			children = (
				A7CB9DFD1D3C6BFE006C2603 /* TipCalculatorModel.swift */,
				A7CB9DCE1D3C6A53006C2603 /* TipCalculator */,
				A7CB9DE31D3C6A53006C2603 /* TipCalculatorTests */,
				A7CB9DEE1D3C6A53006C2603 /* TipCalculatorUITests */,
				A7CB9DCD1D3C6A53006C2603 /* Products */,
			);
			sourceTree = "<group>";
		};
		A7CB9DCD1D3C6A53006C2603 /* Products */ = {
			isa = PBXGroup;
			children = (
				A7CB9DCC1D3C6A53006C2603 /* TipCalculator.app */,
				A7CB9DE01D3C6A53006C2603 /* TipCalculatorTests.xctest */,
				A7CB9DEB1D3C6A53006C2603 /* TipCalculatorUITests.xctest */,
			);
			name = Products;
			sourceTree = "<group>";
		};
		A7CB9DCE1D3C6A53006C2603 /* TipCalculator */ = {
			isa = PBXGroup;
			children = (
				A7CB9DCF1D3C6A53006C2603 /* AppDelegate.swift */,
				A7CB9DD11D3C6A53006C2603 /* ViewController.swift */,
				A7CB9DD31D3C6A53006C2603 /* Main.storyboard */,
				A7CB9DD61D3C6A53006C2603 /* Assets.xcassets */,
				A7CB9DD81D3C6A53006C2603 /* LaunchScreen.storyboard */,
				A7CB9DDB1D3C6A53006C2603 /* Info.plist */,
			);
			path = TipCalculator;
			sourceTree = "<group>";
		};
		A7CB9DE31D3C6A53006C2603 /* TipCalculatorTests */ = {
			isa = PBXGroup;
			children = (
				A7CB9DE41D3C6A53006C2603 /* TipCalculatorTests.swift */,
				A7CB9DE61D3C6A53006C2603 /* Info.plist */,
			);
			path = TipCalculatorTests;
			sourceTree = "<group>";
		};
		A7CB9DEE1D3C6A53006C2603 /* TipCalculatorUITests */ = {
			isa = PBXGroup;
			children = (
				A7CB9DEF1D3C6A53006C2603 /* TipCalculatorUITests.swift */,
				A7CB9DF11D3C6A53006C2603 /* Info.plist */,
			);
			path = TipCalculatorUITests;
			sourceTree = "<group>";
		};
/* End PBXGroup section */

/* Begin PBXNativeTarget section */
		A7CB9DCB1D3C6A53006C2603 /* TipCalculator */ = {
			isa = PBXNativeTarget;
			buildConfigurationList = A7CB9DF41D3C6A53006C2603 /* Build configuration list for PBXNativeTarget "TipCalculator" */;
			buildPhases = (
				A7CB9DC81D3C6A53006C2603 /* Sources */,
				A7CB9DC91D3C6A53006C2603 /* Frameworks */,
				A7CB9DCA1D3C6A53006C2603 /* Resources */,
			);
			buildRules = (
			);
			dependencies = (
			);
			name = TipCalculator;
			productName = TipCalculator;
			productReference = A7CB9DCC1D3C6A53006C2603 /* TipCalculator.app */;
			productType = "com.apple.product-type.application";
		};
		A7CB9DDF1D3C6A53006C2603 /* TipCalculatorTests */ = {
			isa = PBXNativeTarget;
			buildConfigurationList = A7CB9DF71D3C6A53006C2603 /* Build configuration list for PBXNativeTarget "TipCalculatorTests" */;
			buildPhases = (
				A7CB9DDC1D3C6A53006C2603 /* Sources */,
				A7CB9DDD1D3C6A53006C2603 /* Frameworks */,
				A7CB9DDE1D3C6A53006C2603 /* Resources */,
			);
			buildRules = (
			);
			dependencies = (
				A7CB9DE21D3C6A53006C2603 /* PBXTargetDependency */,
			);
			name = TipCalculatorTests;
			productName = TipCalculatorTests;
			productReference = A7CB9DE01D3C6A53006C2603 /* TipCalculatorTests.xctest */;
			productType = "com.apple.product-type.bundle.unit-test";
		};
		A7CB9DEA1D3C6A53006C2603 /* TipCalculatorUITests */ = {
			isa = PBXNativeTarget;
			buildConfigurationList = A7CB9DFA1D3C6A53006C2603 /* Build configuration list for PBXNativeTarget "TipCalculatorUITests" */;
			buildPhases = (
				A7CB9DE71D3C6A53006C2603 /* Sources */,
				A7CB9DE81D3C6A53006C2603 /* Frameworks */,
				A7CB9DE91D3C6A53006C2603 /* Resources */,
			);
			buildRules = (
			);
			dependencies = (
				A7CB9DED1D3C6A53006C2603 /* PBXTargetDependency */,
			);
			name = TipCalculatorUITests;
			productName = TipCalculatorUITests;
			productReference = A7CB9DEB1D3C6A53006C2603 /* TipCalculatorUITests.xctest */;
			productType = "com.apple.product-type.bundle.ui-testing";
		};
/* End PBXNativeTarget section */

/* Begin PBXProject section */
		A7CB9DC41D3C6A53006C2603 /* Project object */ = {
			isa = PBXProject;
			attributes = {
				LastSwiftUpdateCheck = 0730;
				LastUpgradeCheck = 0730;
				ORGANIZATIONNAME = "John Moses";
				TargetAttributes = {
					A7CB9DCB1D3C6A53006C2603 = {
						CreatedOnToolsVersion = 7.3.1;
					};
					A7CB9DDF1D3C6A53006C2603 = {
						CreatedOnToolsVersion = 7.3.1;
						TestTargetID = A7CB9DCB1D3C6A53006C2603;
					};
					A7CB9DEA1D3C6A53006C2603 = {
						CreatedOnToolsVersion = 7.3.1;
						TestTargetID = A7CB9DCB1D3C6A53006C2603;
					};
				};
			};
			buildConfigurationList = A7CB9DC71D3C6A53006C2603 /* Build configuration list for PBXProject "TipCalculator" */;
			compatibilityVersion = "Xcode 3.2";
			developmentRegion = English;
			hasScannedForEncodings = 0;
			knownRegions = (
				en,
				Base,
			);
			mainGroup = A7CB9DC31D3C6A53006C2603;
			productRefGroup = A7CB9DCD1D3C6A53006C2603 /* Products */;
			projectDirPath = "";
			projectRoot = "";
			targets = (
				A7CB9DCB1D3C6A53006C2603 /* TipCalculator */,
				A7CB9DDF1D3C6A53006C2603 /* TipCalculatorTests */,
				A7CB9DEA1D3C6A53006C2603 /* TipCalculatorUITests */,
			);
		};
/* End PBXProject section */

/* Begin PBXResourcesBuildPhase section */
		A7CB9DCA1D3C6A53006C2603 /* Resources */ = {
			isa = PBXResourcesBuildPhase;
			buildActionMask = 2147483647;
			files = (
				A7CB9DDA1D3C6A53006C2603 /* LaunchScreen.storyboard in Resources */,
				A7CB9DD71D3C6A53006C2603 /* Assets.xcassets in Resources */,
				A7CB9DD51D3C6A53006C2603 /* Main.storyboard in Resources */,
			);
			runOnlyForDeploymentPostprocessing = 0;
		};
		A7CB9DDE1D3C6A53006C2603 /* Resources */ = {
			isa = PBXResourcesBuildPhase;
			buildActionMask = 2147483647;
			files = (
			);
			runOnlyForDeploymentPostprocessing = 0;
		};
		A7CB9DE91D3C6A53006C2603 /* Resources */ = {
			isa = PBXResourcesBuildPhase;
			buildActionMask = 2147483647;
			files = (
			);
			runOnlyForDeploymentPostprocessing = 0;
		};
/* End PBXResourcesBuildPhase section */

/* Begin PBXSourcesBuildPhase section */
		A7CB9DC81D3C6A53006C2603 /* Sources */ = {
			isa = PBXSourcesBuildPhase;
			buildActionMask = 2147483647;
			files = (
				A7CB9DFE1D3C6BFE006C2603 /* TipCalculatorModel.swift in Sources */,
				A7CB9DD21D3C6A53006C2603 /* ViewController.swift in Sources */,
				A7CB9DD01D3C6A53006C2603 /* AppDelegate.swift in Sources */,
			);
			runOnlyForDeploymentPostprocessing = 0;
		};
		A7CB9DDC1D3C6A53006C2603 /* Sources */ = {
			isa = PBXSourcesBuildPhase;
			buildActionMask = 2147483647;
			files = (
				A7CB9DE51D3C6A53006C2603 /* TipCalculatorTests.swift in Sources */,
			);
			runOnlyForDeploymentPostprocessing = 0;
		};
		A7CB9DE71D3C6A53006C2603 /* Sources */ = {
			isa = PBXSourcesBuildPhase;
			buildActionMask = 2147483647;
			files = (
				A7CB9DF01D3C6A53006C2603 /* TipCalculatorUITests.swift in Sources */,
			);
			runOnlyForDeploymentPostprocessing = 0;
		};
/* End PBXSourcesBuildPhase section */

/* Begin PBXTargetDependency section */
		A7CB9DE21D3C6A53006C2603 /* PBXTargetDependency */ = {
			isa = PBXTargetDependency;
			target = A7CB9DCB1D3C6A53006C2603 /* TipCalculator */;
			targetProxy = A7CB9DE11D3C6A53006C2603 /* PBXContainerItemProxy */;
		};
		A7CB9DED1D3C6A53006C2603 /* PBXTargetDependency */ = {
			isa = PBXTargetDependency;
			target = A7CB9DCB1D3C6A53006C2603 /* TipCalculator */;
			targetProxy = A7CB9DEC1D3C6A53006C2603 /* PBXContainerItemProxy */;
		};
/* End PBXTargetDependency section */

/* Begin PBXVariantGroup section */
		A7CB9DD31D3C6A53006C2603 /* Main.storyboard */ = {
			isa = PBXVariantGroup;
			children = (
				A7CB9DD41D3C6A53006C2603 /* Base */,
			);
			name = Main.storyboard;
			sourceTree = "<group>";
		};
		A7CB9DD81D3C6A53006C2603 /* LaunchScreen.storyboard */ = {
			isa = PBXVariantGroup;
			children = (
				A7CB9DD91D3C6A53006C2603 /* Base */,
			);
			name = LaunchScreen.storyboard;
			sourceTree = "<group>";
		};
/* End PBXVariantGroup section */

/* Begin XCBuildConfiguration section */
		A7CB9DF21D3C6A53006C2603 /* Debug */ = {
			isa = XCBuildConfiguration;
			buildSettings = {
				ALWAYS_SEARCH_USER_PATHS = NO;
				CLANG_ANALYZER_NONNULL = YES;
				CLANG_CXX_LANGUAGE_STANDARD = "gnu++0x";
				CLANG_CXX_LIBRARY = "libc++";
				CLANG_ENABLE_MODULES = YES;
				CLANG_ENABLE_OBJC_ARC = YES;
				CLANG_WARN_BOOL_CONVERSION = YES;
				CLANG_WARN_CONSTANT_CONVERSION = YES;
				CLANG_WARN_DIRECT_OBJC_ISA_USAGE = YES_ERROR;
				CLANG_WARN_EMPTY_BODY = YES;
				CLANG_WARN_ENUM_CONVERSION = YES;
				CLANG_WARN_INT_CONVERSION = YES;
				CLANG_WARN_OBJC_ROOT_CLASS = YES_ERROR;
				CLANG_WARN_UNREACHABLE_CODE = YES;
				CLANG_WARN__DUPLICATE_METHOD_MATCH = YES;
				"CODE_SIGN_IDENTITY[sdk=iphoneos*]" = "iPhone Developer";
				COPY_PHASE_STRIP = NO;
				DEBUG_INFORMATION_FORMAT = dwarf;
				ENABLE_STRICT_OBJC_MSGSEND = YES;
				ENABLE_TESTABILITY = YES;
				GCC_C_LANGUAGE_STANDARD = gnu99;
				GCC_DYNAMIC_NO_PIC = NO;
				GCC_NO_COMMON_BLOCKS = YES;
				GCC_OPTIMIZATION_LEVEL = 0;
				GCC_PREPROCESSOR_DEFINITIONS = (
					"DEBUG=1",
					"$(inherited)",
				);
				GCC_WARN_64_TO_32_BIT_CONVERSION = YES;
				GCC_WARN_ABOUT_RETURN_TYPE = YES_ERROR;
				GCC_WARN_UNDECLARED_SELECTOR = YES;
				GCC_WARN_UNINITIALIZED_AUTOS = YES_AGGRESSIVE;
				GCC_WARN_UNUSED_FUNCTION = YES;
				GCC_WARN_UNUSED_VARIABLE = YES;
				IPHONEOS_DEPLOYMENT_TARGET = 9.3;
				MTL_ENABLE_DEBUG_INFO = YES;
				ONLY_ACTIVE_ARCH = YES;
				SDKROOT = iphoneos;
				SWIFT_OPTIMIZATION_LEVEL = "-Onone";
			};
			name = Debug;
		};
		A7CB9DF31D3C6A53006C2603 /* Release */ = {
			isa = XCBuildConfiguration;
			buildSettings = {
				ALWAYS_SEARCH_USER_PATHS = NO;
				CLANG_ANALYZER_NONNULL = YES;
				CLANG_CXX_LANGUAGE_STANDARD = "gnu++0x";
				CLANG_CXX_LIBRARY = "libc++";
				CLANG_ENABLE_MODULES = YES;
				CLANG_ENABLE_OBJC_ARC = YES;
				CLANG_WARN_BOOL_CONVERSION = YES;
				CLANG_WARN_CONSTANT_CONVERSION = YES;
				CLANG_WARN_DIRECT_OBJC_ISA_USAGE = YES_ERROR;
				CLANG_WARN_EMPTY_BODY = YES;
				CLANG_WARN_ENUM_CONVERSION = YES;
				CLANG_WARN_INT_CONVERSION = YES;
				CLANG_WARN_OBJC_ROOT_CLASS = YES_ERROR;
				CLANG_WARN_UNREACHABLE_CODE = YES;
				CLANG_WARN__DUPLICATE_METHOD_MATCH = YES;
				"CODE_SIGN_IDENTITY[sdk=iphoneos*]" = "iPhone Developer";
				COPY_PHASE_STRIP = NO;
				DEBUG_INFORMATION_FORMAT = "dwarf-with-dsym";
				ENABLE_NS_ASSERTIONS = NO;
				ENABLE_STRICT_OBJC_MSGSEND = YES;
				GCC_C_LANGUAGE_STANDARD = gnu99;
				GCC_NO_COMMON_BLOCKS = YES;
				GCC_WARN_64_TO_32_BIT_CONVERSION = YES;
				GCC_WARN_ABOUT_RETURN_TYPE = YES_ERROR;
				GCC_WARN_UNDECLARED_SELECTOR = YES;
				GCC_WARN_UNINITIALIZED_AUTOS = YES_AGGRESSIVE;
				GCC_WARN_UNUSED_FUNCTION = YES;
				GCC_WARN_UNUSED_VARIABLE = YES;
				IPHONEOS_DEPLOYMENT_TARGET = 9.3;
				MTL_ENABLE_DEBUG_INFO = NO;
				SDKROOT = iphoneos;
				VALIDATE_PRODUCT = YES;
			};
			name = Release;
		};
		A7CB9DF51D3C6A53006C2603 /* Debug */ = {
			isa = XCBuildConfiguration;
			buildSettings = {
				ASSETCATALOG_COMPILER_APPICON_NAME = AppIcon;
				INFOPLIST_FILE = TipCalculator/Info.plist;
				LD_RUNPATH_SEARCH_PATHS = "$(inherited) @executable_path/Frameworks";
				PRODUCT_BUNDLE_IDENTIFIER = co.jmoses.TipCalculator;
				PRODUCT_NAME = "$(TARGET_NAME)";
			};
			name = Debug;
		};
		A7CB9DF61D3C6A53006C2603 /* Release */ = {
			isa = XCBuildConfiguration;
			buildSettings = {
				ASSETCATALOG_COMPILER_APPICON_NAME = AppIcon;
				INFOPLIST_FILE = TipCalculator/Info.plist;
				LD_RUNPATH_SEARCH_PATHS = "$(inherited) @executable_path/Frameworks";
				PRODUCT_BUNDLE_IDENTIFIER = co.jmoses.TipCalculator;
				PRODUCT_NAME = "$(TARGET_NAME)";
			};
			name = Release;
		};
		A7CB9DF81D3C6A53006C2603 /* Debug */ = {
			isa = XCBuildConfiguration;
			buildSettings = {
				BUNDLE_LOADER = "$(TEST_HOST)";
				INFOPLIST_FILE = TipCalculatorTests/Info.plist;
				LD_RUNPATH_SEARCH_PATHS = "$(inherited) @executable_path/Frameworks @loader_path/Frameworks";
				PRODUCT_BUNDLE_IDENTIFIER = co.jmoses.TipCalculatorTests;
				PRODUCT_NAME = "$(TARGET_NAME)";
				TEST_HOST = "$(BUILT_PRODUCTS_DIR)/TipCalculator.app/TipCalculator";
			};
			name = Debug;
		};
		A7CB9DF91D3C6A53006C2603 /* Release */ = {
			isa = XCBuildConfiguration;
			buildSettings = {
				BUNDLE_LOADER = "$(TEST_HOST)";
				INFOPLIST_FILE = TipCalculatorTests/Info.plist;
				LD_RUNPATH_SEARCH_PATHS = "$(inherited) @executable_path/Frameworks @loader_path/Frameworks";
				PRODUCT_BUNDLE_IDENTIFIER = co.jmoses.TipCalculatorTests;
				PRODUCT_NAME = "$(TARGET_NAME)";
				TEST_HOST = "$(BUILT_PRODUCTS_DIR)/TipCalculator.app/TipCalculator";
			};
			name = Release;
		};
		A7CB9DFB1D3C6A53006C2603 /* Debug */ = {
			isa = XCBuildConfiguration;
			buildSettings = {
				INFOPLIST_FILE = TipCalculatorUITests/Info.plist;
				LD_RUNPATH_SEARCH_PATHS = "$(inherited) @executable_path/Frameworks @loader_path/Frameworks";
				PRODUCT_BUNDLE_IDENTIFIER = co.jmoses.TipCalculatorUITests;
				PRODUCT_NAME = "$(TARGET_NAME)";
				TEST_TARGET_NAME = TipCalculator;
			};
			name = Debug;
		};
		A7CB9DFC1D3C6A53006C2603 /* Release */ = {
			isa = XCBuildConfiguration;
			buildSettings = {
				INFOPLIST_FILE = TipCalculatorUITests/Info.plist;
				LD_RUNPATH_SEARCH_PATHS = "$(inherited) @executable_path/Frameworks @loader_path/Frameworks";
				PRODUCT_BUNDLE_IDENTIFIER = co.jmoses.TipCalculatorUITests;
				PRODUCT_NAME = "$(TARGET_NAME)";
				TEST_TARGET_NAME = TipCalculator;
			};
			name = Release;
		};
/* End XCBuildConfiguration section */

/* Begin XCConfigurationList section */
		A7CB9DC71D3C6A53006C2603 /* Build configuration list for PBXProject "TipCalculator" */ = {
			isa = XCConfigurationList;
			buildConfigurations = (
				A7CB9DF21D3C6A53006C2603 /* Debug */,
				A7CB9DF31D3C6A53006C2603 /* Release */,
			);
			defaultConfigurationIsVisible = 0;
			defaultConfigurationName = Release;
		};
		A7CB9DF41D3C6A53006C2603 /* Build configuration list for PBXNativeTarget "TipCalculator" */ = {
			isa = XCConfigurationList;
			buildConfigurations = (
				A7CB9DF51D3C6A53006C2603 /* Debug */,
				A7CB9DF61D3C6A53006C2603 /* Release */,
			);
			defaultConfigurationIsVisible = 0;
		};
		A7CB9DF71D3C6A53006C2603 /* Build configuration list for PBXNativeTarget "TipCalculatorTests" */ = {
			isa = XCConfigurationList;
			buildConfigurations = (
				A7CB9DF81D3C6A53006C2603 /* Debug */,
				A7CB9DF91D3C6A53006C2603 /* Release */,
			);
			defaultConfigurationIsVisible = 0;
		};
		A7CB9DFA1D3C6A53006C2603 /* Build configuration list for PBXNativeTarget "TipCalculatorUITests" */ = {
			isa = XCConfigurationList;
			buildConfigurations = (
				A7CB9DFB1D3C6A53006C2603 /* Debug */,
				A7CB9DFC1D3C6A53006C2603 /* Release */,
			);
			defaultConfigurationIsVisible = 0;
		};
/* End XCConfigurationList section */
	};
	rootObject = A7CB9DC41D3C6A53006C2603 /* Project object */;
}
